
Microsoft Visual Studio Solution File, Format Version 12.00
# Visual Studio 15
VisualStudioVersion = 15.0.27703.2035
MinimumVisualStudioVersion = 10.0.40219.1
Project("{FAE04EC0-301F-11D3-BF4B-00C04F79EFBC}") = "danielCherrin_PomodoroTimer", "danielCherrin_PomodoroTimer\danielCherrin_PomodoroTimer.csproj", "{486B0B16-94DE-4134-A8AB-F730A6D406A5}"
EndProject
Project("{FAE04EC0-301F-11D3-BF4B-00C04F79EFBC}") = "PomodoroSettingsLibrary", "PomodoroSettingsLibrary\PomodoroSettingsLibrary.csproj", "{A3A147B3-40C6-47A1-8632-E5BED8D6FAF6}"
EndProject
Global
	GlobalSection(SolutionConfigurationPlatforms) = preSolution
		Debug|Any CPU = Debug|Any CPU
		Debug|ARM = Debug|ARM
		Debug|x64 = Debug|x64
		Debug|x86 = Debug|x86
		Release|Any CPU = Release|Any CPU
		Release|ARM = Release|ARM
		Release|x64 = Release|x64
		Release|x86 = Release|x86
	EndGlobalSection
	GlobalSection(ProjectConfigurationPlatforms) = postSolution
		{486B0B16-94DE-4134-A8AB-F730A6D406A5}.Debug|Any CPU.ActiveCfg = Debug|x86
		{486B0B16-94DE-4134-A8AB-F730A6D406A5}.Debug|ARM.ActiveCfg = Debug|ARM
		{486B0B16-94DE-4134-A8AB-F730A6D406A5}.Debug|ARM.Build.0 = Debug|ARM
		{486B0B16-94DE-4134-A8AB-F730A6D406A5}.Debug|ARM.Deploy.0 = Debug|ARM
		{486B0B16-94DE-4134-A8AB-F730A6D406A5}.Debug|x64.ActiveCfg = Debug|x64
		{486B0B16-94DE-4134-A8AB-F730A6D406A5}.Debug|x64.Build.0 = Debug|x64
		{486B0B16-94DE-4134-A8AB-F730A6D406A5}.Debug|x64.Deploy.0 = Debug|x64
		{486B0B16-94DE-4134-A8AB-F730A6D406A5}.Debug|x86.ActiveCfg = Debug|x86
		{486B0B16-94DE-4134-A8AB-F730A6D406A5}.Debug|x86.Build.0 = Debug|x86
		{486B0B16-94DE-4134-A8AB-F730A6D406A5}.Debug|x86.Deploy.0 = Debug|x86
		{486B0B16-94DE-4134-A8AB-F730A6D406A5}.Release|Any CPU.ActiveCfg = Release|x86
		{486B0B16-94DE-4134-A8AB-F730A6D406A5}.Release|ARM.ActiveCfg = Release|ARM
		{486B0B16-94DE-4134-A8AB-F730A6D406A5}.Release|ARM.Build.0 = Release|ARM
		{486B0B16-94DE-4134-A8AB-F730A6D406A5}.Release|ARM.Deploy.0 = Release|ARM
		{486B0B16-94DE-4134-A8AB-F730A6D406A5}.Release|x64.ActiveCfg = Release|x64
		{486B0B16-94DE-4134-A8AB-F730A6D406A5}.Release|x64.Build.0 = Release|x64
		{486B0B16-94DE-4134-A8AB-F730A6D406A5}.Release|x64.Deploy.0 = Release|x64
		{486B0B16-94DE-4134-A8AB-F730A6D406A5}.Release|x86.ActiveCfg = Release|x86
		{486B0B16-94DE-4134-A8AB-F730A6D406A5}.Release|x86.Build.0 = Release|x86
		{486B0B16-94DE-4134-A8AB-F730A6D406A5}.Release|x86.Deploy.0 = Release|x86
		{A3A147B3-40C6-47A1-8632-E5BED8D6FAF6}.Debug|Any CPU.ActiveCfg = Debug|Any CPU
		{A3A147B3-40C6-47A1-8632-E5BED8D6FAF6}.Debug|Any CPU.Build.0 = Debug|Any CPU
		{A3A147B3-40C6-47A1-8632-E5BED8D6FAF6}.Debug|ARM.ActiveCfg = Debug|ARM
		{A3A147B3-40C6-47A1-8632-E5BED8D6FAF6}.Debug|ARM.Build.0 = Debug|ARM
		{A3A147B3-40C6-47A1-8632-E5BED8D6FAF6}.Debug|x64.ActiveCfg = Debug|x64
		{A3A147B3-40C6-47A1-8632-E5BED8D6FAF6}.Debug|x64.Build.0 = Debug|x64
		{A3A147B3-40C6-47A1-8632-E5BED8D6FAF6}.Debug|x86.ActiveCfg = Debug|x86
		{A3A147B3-40C6-47A1-8632-E5BED8D6FAF6}.Debug|x86.Build.0 = Debug|x86
		{A3A147B3-40C6-47A1-8632-E5BED8D6FAF6}.Release|Any CPU.ActiveCfg = Release|Any CPU
		{A3A147B3-40C6-47A1-8632-E5BED8D6FAF6}.Release|Any CPU.Build.0 = Release|Any CPU
		{A3A147B3-40C6-47A1-8632-E5BED8D6FAF6}.Release|ARM.ActiveCfg = Release|ARM
		{A3A147B3-40C6-47A1-8632-E5BED8D6FAF6}.Release|ARM.Build.0 = Release|ARM
		{A3A147B3-40C6-47A1-8632-E5BED8D6FAF6}.Release|x64.ActiveCfg = Release|x64
		{A3A147B3-40C6-47A1-8632-E5BED8D6FAF6}.Release|x64.Build.0 = Release|x64
		{A3A147B3-40C6-47A1-8632-E5BED8D6FAF6}.Release|x86.ActiveCfg = Release|x86
		{A3A147B3-40C6-47A1-8632-E5BED8D6FAF6}.Release|x86.Build.0 = Release|x86
	EndGlobalSection
	GlobalSection(SolutionProperties) = preSolution
		HideSolutionNode = FALSE
	EndGlobalSection
	GlobalSection(ExtensibilityGlobals) = postSolution
		SolutionGuid = {BFC15488-1F2A-48BC-AF3F-22BCEB12AD31}
	EndGlobalSection
EndGlobal
